
Microsoft Visual Studio Solution File, Format Version 12.00
# Visual Studio Version 16
VisualStudioVersion = 16.0.31613.86
MinimumVisualStudioVersion = 10.0.40219.1
Project("{8BC9CEB8-8B4A-11D0-8D11-00A0C91BC942}") = "TestTask2", "TestTask2\TestTask2.vcxproj", "{9A6FA4B5-6CD3-44A4-9EA8-2B3EC92BA8FB}"
EndProject
Global
	GlobalSection(SolutionConfigurationPlatforms) = preSolution
		Debug|x64 = Debug|x64
		Debug|x86 = Debug|x86
		Release|x64 = Release|x64
		Release|x86 = Release|x86
	EndGlobalSection
	GlobalSection(ProjectConfigurationPlatforms) = postSolution
		{9A6FA4B5-6CD3-44A4-9EA8-2B3EC92BA8FB}.Debug|x64.ActiveCfg = Debug|x64
		{9A6FA4B5-6CD3-44A4-9EA8-2B3EC92BA8FB}.Debug|x64.Build.0 = Debug|x64
		{9A6FA4B5-6CD3-44A4-9EA8-2B3EC92BA8FB}.Debug|x86.ActiveCfg = Debug|Win32
		{9A6FA4B5-6CD3-44A4-9EA8-2B3EC92BA8FB}.Debug|x86.Build.0 = Debug|Win32
		{9A6FA4B5-6CD3-44A4-9EA8-2B3EC92BA8FB}.Release|x64.ActiveCfg = Release|x64
		{9A6FA4B5-6CD3-44A4-9EA8-2B3EC92BA8FB}.Release|x64.Build.0 = Release|x64
		{9A6FA4B5-6CD3-44A4-9EA8-2B3EC92BA8FB}.Release|x86.ActiveCfg = Release|Win32
		{9A6FA4B5-6CD3-44A4-9EA8-2B3EC92BA8FB}.Release|x86.Build.0 = Release|Win32
	EndGlobalSection
	GlobalSection(SolutionProperties) = preSolution
		HideSolutionNode = FALSE
	EndGlobalSection
	GlobalSection(ExtensibilityGlobals) = postSolution
		SolutionGuid = {117F607D-1749-4C70-8731-A3483C751743}
	EndGlobalSection
EndGlobal
